// !$*UTF8*$!
{
	archiveVersion = 1;
	classes = {
	};
	objectVersion = 46;
	objects = {

/* Begin PBXBuildFile section */
		20112E921ED34A3600157CC3 /* satuaday.json in Resources */ = {isa = PBXBuildFile; fileRef = 20112E911ED34A3600157CC3 /* satuaday.json */; };
		2071537D1EDA677700005070 /* holiday.json in Resources */ = {isa = PBXBuildFile; fileRef = 2071537C1EDA677700005070 /* holiday.json */; };
		207153841EDA7B1F00005070 /* nextButton.png in Resources */ = {isa = PBXBuildFile; fileRef = 207153821EDA7B1F00005070 /* nextButton.png */; };
		207153851EDA7B1F00005070 /* prevButton.png in Resources */ = {isa = PBXBuildFile; fileRef = 207153831EDA7B1F00005070 /* prevButton.png */; };
		2085D9501EE94725008D7AB6 /* NotificationCenter.framework in Frameworks */ = {isa = PBXBuildFile; fileRef = 2085D94F1EE94725008D7AB6 /* NotificationCenter.framework */; };
		2085D9561EE94725008D7AB6 /* MainInterface.storyboard in Resources */ = {isa = PBXBuildFile; fileRef = 2085D9541EE94725008D7AB6 /* MainInterface.storyboard */; };
		2085D95A1EE94725008D7AB6 /* BusExtension.appex in Embed App Extensions */ = {isa = PBXBuildFile; fileRef = 2085D94E1EE94725008D7AB6 /* BusExtension.appex */; settings = {ATTRIBUTES = (RemoveHeadersOnCopy, ); }; };
		2085D96A1EE9B8F8008D7AB6 /* school@2x.png in Resources */ = {isa = PBXBuildFile; fileRef = 2085D9681EE9B8F8008D7AB6 /* school@2x.png */; };
		2085D96E1EE9B969008D7AB6 /* train@2x.png in Resources */ = {isa = PBXBuildFile; fileRef = 2085D96C1EE9B969008D7AB6 /* train@2x.png */; };
		2085D9741EEA5106008D7AB6 /* bluebus@2x.png in Resources */ = {isa = PBXBuildFile; fileRef = 2085D9701EEA5106008D7AB6 /* bluebus@2x.png */; };
		2085D9761EEA5106008D7AB6 /* redbus@2x.png in Resources */ = {isa = PBXBuildFile; fileRef = 2085D9721EEA5106008D7AB6 /* redbus@2x.png */; };
		208C581E1EEABE2A00AFAADF /* train.png in Resources */ = {isa = PBXBuildFile; fileRef = 208C581D1EEABE2A00AFAADF /* train.png */; };
		208C58201EEABEA400AFAADF /* bluebus.png in Resources */ = {isa = PBXBuildFile; fileRef = 208C581F1EEABEA400AFAADF /* bluebus.png */; };
		208C58221EEABEAB00AFAADF /* redbus.png in Resources */ = {isa = PBXBuildFile; fileRef = 208C58211EEABEAB00AFAADF /* redbus.png */; };
		208C58241EEABEBE00AFAADF /* school.png in Resources */ = {isa = PBXBuildFile; fileRef = 208C58231EEABEBE00AFAADF /* school.png */; };
		20DA18331EDB4C6800EDD315 /* setting@2x.png in Resources */ = {isa = PBXBuildFile; fileRef = 20DA18311EDB4C6800EDD315 /* setting@2x.png */; };
		20DA18341EDB4C6800EDD315 /* timer@2x.png in Resources */ = {isa = PBXBuildFile; fileRef = 20DA18321EDB4C6800EDD315 /* timer@2x.png */; };
		20DA18361EDB4CF400EDD315 /* bus@2x.png in Resources */ = {isa = PBXBuildFile; fileRef = 20DA18351EDB4CF400EDD315 /* bus@2x.png */; };
		20E64EE71F017A7C0080DB0C /* TodayViewController.swift in Sources */ = {isa = PBXBuildFile; fileRef = 20E64EE61F017A7C0080DB0C /* TodayViewController.swift */; };
		20E64EEE1F017AED0080DB0C /* AppDelegate.swift in Sources */ = {isa = PBXBuildFile; fileRef = 20E64EE91F017AED0080DB0C /* AppDelegate.swift */; };
		20E64EEF1F017AED0080DB0C /* CountDown.swift in Sources */ = {isa = PBXBuildFile; fileRef = 20E64EEA1F017AED0080DB0C /* CountDown.swift */; };
		20E64EF01F017AED0080DB0C /* DepertureChanger.swift in Sources */ = {isa = PBXBuildFile; fileRef = 20E64EEB1F017AED0080DB0C /* DepertureChanger.swift */; };
		20E64EF11F017AED0080DB0C /* Settings.swift in Sources */ = {isa = PBXBuildFile; fileRef = 20E64EEC1F017AED0080DB0C /* Settings.swift */; };
		20E64EF21F017AED0080DB0C /* TimeTable.swift in Sources */ = {isa = PBXBuildFile; fileRef = 20E64EED1F017AED0080DB0C /* TimeTable.swift */; };
		20E64EF31F029CDB0080DB0C /* train.png in Resources */ = {isa = PBXBuildFile; fileRef = 208C581D1EEABE2A00AFAADF /* train.png */; };
		20E64EF41F029CDF0080DB0C /* train@2x.png in Resources */ = {isa = PBXBuildFile; fileRef = 2085D96C1EE9B969008D7AB6 /* train@2x.png */; };
		20E64EF51F029CE20080DB0C /* bluebus.png in Resources */ = {isa = PBXBuildFile; fileRef = 208C581F1EEABEA400AFAADF /* bluebus.png */; };
		20E64EF61F029CE50080DB0C /* bluebus@2x.png in Resources */ = {isa = PBXBuildFile; fileRef = 2085D9701EEA5106008D7AB6 /* bluebus@2x.png */; };
		20E64EF71F029CEA0080DB0C /* school.png in Resources */ = {isa = PBXBuildFile; fileRef = 208C58231EEABEBE00AFAADF /* school.png */; };
		20E64EF81F029CEC0080DB0C /* school@2x.png in Resources */ = {isa = PBXBuildFile; fileRef = 2085D9681EE9B8F8008D7AB6 /* school@2x.png */; };
		20E64EF91F02C94D0080DB0C /* weekday.json in Resources */ = {isa = PBXBuildFile; fileRef = 20F6288C1ED1678E003879C7 /* weekday.json */; };
		20E64EFA1F02C9500080DB0C /* satuaday.json in Resources */ = {isa = PBXBuildFile; fileRef = 20112E911ED34A3600157CC3 /* satuaday.json */; };
		20E64EFB1F02C9520080DB0C /* holiday.json in Resources */ = {isa = PBXBuildFile; fileRef = 2071537C1EDA677700005070 /* holiday.json */; };
		20E64EFC1F02CB570080DB0C /* redbus.png in Resources */ = {isa = PBXBuildFile; fileRef = 208C58211EEABEAB00AFAADF /* redbus.png */; };
		20E64EFD1F02CB590080DB0C /* redbus@2x.png in Resources */ = {isa = PBXBuildFile; fileRef = 2085D9721EEA5106008D7AB6 /* redbus@2x.png */; };
		20F628621ED08472003879C7 /* Main.storyboard in Resources */ = {isa = PBXBuildFile; fileRef = 20F628601ED08472003879C7 /* Main.storyboard */; };
		20F628641ED08472003879C7 /* Assets.xcassets in Resources */ = {isa = PBXBuildFile; fileRef = 20F628631ED08472003879C7 /* Assets.xcassets */; };
		20F628671ED08472003879C7 /* LaunchScreen.storyboard in Resources */ = {isa = PBXBuildFile; fileRef = 20F628651ED08472003879C7 /* LaunchScreen.storyboard */; };
		20F628721ED08472003879C7 /* BusAlarmTests.swift in Sources */ = {isa = PBXBuildFile; fileRef = 20F628711ED08472003879C7 /* BusAlarmTests.swift */; };
		20F6287D1ED08472003879C7 /* BusAlarmUITests.swift in Sources */ = {isa = PBXBuildFile; fileRef = 20F6287C1ED08472003879C7 /* BusAlarmUITests.swift */; };
		20F6288D1ED1678E003879C7 /* weekday.json in Resources */ = {isa = PBXBuildFile; fileRef = 20F6288C1ED1678E003879C7 /* weekday.json */; };
		20F6288F1ED19E39003879C7 /* SwiftyJSON.framework in Frameworks */ = {isa = PBXBuildFile; fileRef = 20F6288E1ED19E39003879C7 /* SwiftyJSON.framework */; };
		3177B5FCCA6C4D3B38C2E860 /* Pods_BusAlarm.framework in Frameworks */ = {isa = PBXBuildFile; fileRef = 07EDFB528CA6CB61BFCDF109 /* Pods_BusAlarm.framework */; };
		32BEB21BB9128503EC5E3608 /* Pods_BusExtension.framework in Frameworks */ = {isa = PBXBuildFile; fileRef = 2EB6EE6AA60832E045EDDBB3 /* Pods_BusExtension.framework */; };
		48393EE919A2F6DE01FCDACC /* Pods_BusAlarmUITests.framework in Frameworks */ = {isa = PBXBuildFile; fileRef = CFAC0D96F7308D10BF1121CB /* Pods_BusAlarmUITests.framework */; };
		BF9D26CAA134526A0F3941EB /* Pods_BusAlarmTests.framework in Frameworks */ = {isa = PBXBuildFile; fileRef = 0651048C297701402E1EEBFB /* Pods_BusAlarmTests.framework */; };
/* End PBXBuildFile section */

/* Begin PBXContainerItemProxy section */
		2085D9581EE94725008D7AB6 /* PBXContainerItemProxy */ = {
			isa = PBXContainerItemProxy;
			containerPortal = 20F628511ED08472003879C7 /* Project object */;
			proxyType = 1;
			remoteGlobalIDString = 2085D94D1EE94725008D7AB6;
			remoteInfo = BusExtension;
		};
		20F6286E1ED08472003879C7 /* PBXContainerItemProxy */ = {
			isa = PBXContainerItemProxy;
			containerPortal = 20F628511ED08472003879C7 /* Project object */;
			proxyType = 1;
			remoteGlobalIDString = 20F628581ED08472003879C7;
			remoteInfo = BusAlarm;
		};
		20F628791ED08472003879C7 /* PBXContainerItemProxy */ = {
			isa = PBXContainerItemProxy;
			containerPortal = 20F628511ED08472003879C7 /* Project object */;
			proxyType = 1;
			remoteGlobalIDString = 20F628581ED08472003879C7;
			remoteInfo = BusAlarm;
		};
/* End PBXContainerItemProxy section */

/* Begin PBXCopyFilesBuildPhase section */
		2085D95E1EE94725008D7AB6 /* Embed App Extensions */ = {
			isa = PBXCopyFilesBuildPhase;
			buildActionMask = 2147483647;
			dstPath = "";
			dstSubfolderSpec = 13;
			files = (
				2085D95A1EE94725008D7AB6 /* BusExtension.appex in Embed App Extensions */,
			);
			name = "Embed App Extensions";
			runOnlyForDeploymentPostprocessing = 0;
		};
/* End PBXCopyFilesBuildPhase section */

/* Begin PBXFileReference section */
		0651048C297701402E1EEBFB /* Pods_BusAlarmTests.framework */ = {isa = PBXFileReference; explicitFileType = wrapper.framework; includeInIndex = 0; path = Pods_BusAlarmTests.framework; sourceTree = BUILT_PRODUCTS_DIR; };
		07EDFB528CA6CB61BFCDF109 /* Pods_BusAlarm.framework */ = {isa = PBXFileReference; explicitFileType = wrapper.framework; includeInIndex = 0; path = Pods_BusAlarm.framework; sourceTree = BUILT_PRODUCTS_DIR; };
		20112E911ED34A3600157CC3 /* satuaday.json */ = {isa = PBXFileReference; fileEncoding = 4; lastKnownFileType = text.json; path = satuaday.json; sourceTree = "<group>"; };
		2071537C1EDA677700005070 /* holiday.json */ = {isa = PBXFileReference; fileEncoding = 4; lastKnownFileType = text.json; path = holiday.json; sourceTree = "<group>"; };
		207153821EDA7B1F00005070 /* nextButton.png */ = {isa = PBXFileReference; lastKnownFileType = image.png; path = nextButton.png; sourceTree = "<group>"; };
		207153831EDA7B1F00005070 /* prevButton.png */ = {isa = PBXFileReference; lastKnownFileType = image.png; path = prevButton.png; sourceTree = "<group>"; };
		2085D94E1EE94725008D7AB6 /* BusExtension.appex */ = {isa = PBXFileReference; explicitFileType = "wrapper.app-extension"; includeInIndex = 0; path = BusExtension.appex; sourceTree = BUILT_PRODUCTS_DIR; };
		2085D94F1EE94725008D7AB6 /* NotificationCenter.framework */ = {isa = PBXFileReference; lastKnownFileType = wrapper.framework; name = NotificationCenter.framework; path = System/Library/Frameworks/NotificationCenter.framework; sourceTree = SDKROOT; };
		2085D9551EE94725008D7AB6 /* Base */ = {isa = PBXFileReference; lastKnownFileType = file.storyboard; name = Base; path = Base.lproj/MainInterface.storyboard; sourceTree = "<group>"; };
		2085D9571EE94725008D7AB6 /* Info.plist */ = {isa = PBXFileReference; lastKnownFileType = text.plist.xml; path = Info.plist; sourceTree = "<group>"; };
		2085D9681EE9B8F8008D7AB6 /* school@2x.png */ = {isa = PBXFileReference; lastKnownFileType = image.png; path = "school@2x.png"; sourceTree = "<group>"; };
		2085D96C1EE9B969008D7AB6 /* train@2x.png */ = {isa = PBXFileReference; lastKnownFileType = image.png; path = "train@2x.png"; sourceTree = "<group>"; };
		2085D9701EEA5106008D7AB6 /* bluebus@2x.png */ = {isa = PBXFileReference; lastKnownFileType = image.png; path = "bluebus@2x.png"; sourceTree = "<group>"; };
		2085D9721EEA5106008D7AB6 /* redbus@2x.png */ = {isa = PBXFileReference; lastKnownFileType = image.png; path = "redbus@2x.png"; sourceTree = "<group>"; };
		2085D9771EEABA80008D7AB6 /* BusAlarm.entitlements */ = {isa = PBXFileReference; lastKnownFileType = text.plist.entitlements; path = BusAlarm.entitlements; sourceTree = "<group>"; };
		2085D9781EEABA84008D7AB6 /* BusExtension.entitlements */ = {isa = PBXFileReference; lastKnownFileType = text.plist.entitlements; path = BusExtension.entitlements; sourceTree = "<group>"; };
		208C581D1EEABE2A00AFAADF /* train.png */ = {isa = PBXFileReference; lastKnownFileType = image.png; path = train.png; sourceTree = "<group>"; };
		208C581F1EEABEA400AFAADF /* bluebus.png */ = {isa = PBXFileReference; lastKnownFileType = image.png; path = bluebus.png; sourceTree = "<group>"; };
		208C58211EEABEAB00AFAADF /* redbus.png */ = {isa = PBXFileReference; lastKnownFileType = image.png; path = redbus.png; sourceTree = "<group>"; };
		208C58231EEABEBE00AFAADF /* school.png */ = {isa = PBXFileReference; lastKnownFileType = image.png; path = school.png; sourceTree = "<group>"; };
		20DA18311EDB4C6800EDD315 /* setting@2x.png */ = {isa = PBXFileReference; lastKnownFileType = image.png; path = "setting@2x.png"; sourceTree = "<group>"; };
		20DA18321EDB4C6800EDD315 /* timer@2x.png */ = {isa = PBXFileReference; lastKnownFileType = image.png; path = "timer@2x.png"; sourceTree = "<group>"; };
		20DA18351EDB4CF400EDD315 /* bus@2x.png */ = {isa = PBXFileReference; lastKnownFileType = image.png; path = "bus@2x.png"; sourceTree = "<group>"; };
		20E64EE51F017A7B0080DB0C /* BusExtension-Bridging-Header.h */ = {isa = PBXFileReference; lastKnownFileType = sourcecode.c.h; path = "BusExtension-Bridging-Header.h"; sourceTree = "<group>"; };
		20E64EE61F017A7C0080DB0C /* TodayViewController.swift */ = {isa = PBXFileReference; fileEncoding = 4; lastKnownFileType = sourcecode.swift; path = TodayViewController.swift; sourceTree = "<group>"; };
		20E64EE81F017AEC0080DB0C /* BusAlarm-Bridging-Header.h */ = {isa = PBXFileReference; lastKnownFileType = sourcecode.c.h; path = "BusAlarm-Bridging-Header.h"; sourceTree = "<group>"; };
		20E64EE91F017AED0080DB0C /* AppDelegate.swift */ = {isa = PBXFileReference; fileEncoding = 4; lastKnownFileType = sourcecode.swift; path = AppDelegate.swift; sourceTree = "<group>"; };
		20E64EEA1F017AED0080DB0C /* CountDown.swift */ = {isa = PBXFileReference; fileEncoding = 4; lastKnownFileType = sourcecode.swift; path = CountDown.swift; sourceTree = "<group>"; };
		20E64EEB1F017AED0080DB0C /* DepertureChanger.swift */ = {isa = PBXFileReference; fileEncoding = 4; lastKnownFileType = sourcecode.swift; path = DepertureChanger.swift; sourceTree = "<group>"; };
		20E64EEC1F017AED0080DB0C /* Settings.swift */ = {isa = PBXFileReference; fileEncoding = 4; lastKnownFileType = sourcecode.swift; path = Settings.swift; sourceTree = "<group>"; };
		20E64EED1F017AED0080DB0C /* TimeTable.swift */ = {isa = PBXFileReference; fileEncoding = 4; lastKnownFileType = sourcecode.swift; path = TimeTable.swift; sourceTree = "<group>"; };
		20F628591ED08472003879C7 /* BusAlarm.app */ = {isa = PBXFileReference; explicitFileType = wrapper.application; includeInIndex = 0; path = BusAlarm.app; sourceTree = BUILT_PRODUCTS_DIR; };
		20F628611ED08472003879C7 /* Base */ = {isa = PBXFileReference; lastKnownFileType = file.storyboard; name = Base; path = Base.lproj/Main.storyboard; sourceTree = "<group>"; };
		20F628631ED08472003879C7 /* Assets.xcassets */ = {isa = PBXFileReference; lastKnownFileType = folder.assetcatalog; path = Assets.xcassets; sourceTree = "<group>"; };
		20F628661ED08472003879C7 /* Base */ = {isa = PBXFileReference; lastKnownFileType = file.storyboard; name = Base; path = Base.lproj/LaunchScreen.storyboard; sourceTree = "<group>"; };
		20F628681ED08472003879C7 /* Info.plist */ = {isa = PBXFileReference; lastKnownFileType = text.plist.xml; path = Info.plist; sourceTree = "<group>"; };
		20F6286D1ED08472003879C7 /* BusAlarmTests.xctest */ = {isa = PBXFileReference; explicitFileType = wrapper.cfbundle; includeInIndex = 0; path = BusAlarmTests.xctest; sourceTree = BUILT_PRODUCTS_DIR; };
		20F628711ED08472003879C7 /* BusAlarmTests.swift */ = {isa = PBXFileReference; lastKnownFileType = sourcecode.swift; path = BusAlarmTests.swift; sourceTree = "<group>"; };
		20F628731ED08472003879C7 /* Info.plist */ = {isa = PBXFileReference; lastKnownFileType = text.plist.xml; path = Info.plist; sourceTree = "<group>"; };
		20F628781ED08472003879C7 /* BusAlarmUITests.xctest */ = {isa = PBXFileReference; explicitFileType = wrapper.cfbundle; includeInIndex = 0; path = BusAlarmUITests.xctest; sourceTree = BUILT_PRODUCTS_DIR; };
		20F6287C1ED08472003879C7 /* BusAlarmUITests.swift */ = {isa = PBXFileReference; lastKnownFileType = sourcecode.swift; path = BusAlarmUITests.swift; sourceTree = "<group>"; };
		20F6287E1ED08472003879C7 /* Info.plist */ = {isa = PBXFileReference; lastKnownFileType = text.plist.xml; path = Info.plist; sourceTree = "<group>"; };
		20F6288C1ED1678E003879C7 /* weekday.json */ = {isa = PBXFileReference; fileEncoding = 4; lastKnownFileType = text.json; path = weekday.json; sourceTree = "<group>"; };
		20F6288E1ED19E39003879C7 /* SwiftyJSON.framework */ = {isa = PBXFileReference; lastKnownFileType = wrapper.framework; name = SwiftyJSON.framework; path = "../../../../Library/Developer/Xcode/DerivedData/BusAlarm-flwhpuisinzansesuyngihyzverr/Build/Products/Debug-iphonesimulator/SwiftyJSON/SwiftyJSON.framework"; sourceTree = "<group>"; };
		233E3460D8316EA9496AE4D3 /* Pods-BusAlarm.debug.xcconfig */ = {isa = PBXFileReference; includeInIndex = 1; lastKnownFileType = text.xcconfig; name = "Pods-BusAlarm.debug.xcconfig"; path = "Pods/Target Support Files/Pods-BusAlarm/Pods-BusAlarm.debug.xcconfig"; sourceTree = "<group>"; };
		2EB6EE6AA60832E045EDDBB3 /* Pods_BusExtension.framework */ = {isa = PBXFileReference; explicitFileType = wrapper.framework; includeInIndex = 0; path = Pods_BusExtension.framework; sourceTree = BUILT_PRODUCTS_DIR; };
		61429AFC5F0283E2743110A3 /* Pods-BusAlarmUITests.debug.xcconfig */ = {isa = PBXFileReference; includeInIndex = 1; lastKnownFileType = text.xcconfig; name = "Pods-BusAlarmUITests.debug.xcconfig"; path = "Pods/Target Support Files/Pods-BusAlarmUITests/Pods-BusAlarmUITests.debug.xcconfig"; sourceTree = "<group>"; };
		698FACA79A88B3327312622F /* Pods-BusExtension.release.xcconfig */ = {isa = PBXFileReference; includeInIndex = 1; lastKnownFileType = text.xcconfig; name = "Pods-BusExtension.release.xcconfig"; path = "Pods/Target Support Files/Pods-BusExtension/Pods-BusExtension.release.xcconfig"; sourceTree = "<group>"; };
		7EA286859023166D4946361F /* Pods-BusAlarmTests.debug.xcconfig */ = {isa = PBXFileReference; includeInIndex = 1; lastKnownFileType = text.xcconfig; name = "Pods-BusAlarmTests.debug.xcconfig"; path = "Pods/Target Support Files/Pods-BusAlarmTests/Pods-BusAlarmTests.debug.xcconfig"; sourceTree = "<group>"; };
		954722D079B77D82D9CFF462 /* Pods-BusAlarm.release.xcconfig */ = {isa = PBXFileReference; includeInIndex = 1; lastKnownFileType = text.xcconfig; name = "Pods-BusAlarm.release.xcconfig"; path = "Pods/Target Support Files/Pods-BusAlarm/Pods-BusAlarm.release.xcconfig"; sourceTree = "<group>"; };
		A496A88F9763B883AA26713A /* Pods-BusAlarmUITests.release.xcconfig */ = {isa = PBXFileReference; includeInIndex = 1; lastKnownFileType = text.xcconfig; name = "Pods-BusAlarmUITests.release.xcconfig"; path = "Pods/Target Support Files/Pods-BusAlarmUITests/Pods-BusAlarmUITests.release.xcconfig"; sourceTree = "<group>"; };
		A504C05955A5D972683D1E2D /* Pods-BusAlarmTests.release.xcconfig */ = {isa = PBXFileReference; includeInIndex = 1; lastKnownFileType = text.xcconfig; name = "Pods-BusAlarmTests.release.xcconfig"; path = "Pods/Target Support Files/Pods-BusAlarmTests/Pods-BusAlarmTests.release.xcconfig"; sourceTree = "<group>"; };
		CFAC0D96F7308D10BF1121CB /* Pods_BusAlarmUITests.framework */ = {isa = PBXFileReference; explicitFileType = wrapper.framework; includeInIndex = 0; path = Pods_BusAlarmUITests.framework; sourceTree = BUILT_PRODUCTS_DIR; };
		D2DCD42136ABC6899FF8AEE1 /* Pods-BusExtension.debug.xcconfig */ = {isa = PBXFileReference; includeInIndex = 1; lastKnownFileType = text.xcconfig; name = "Pods-BusExtension.debug.xcconfig"; path = "Pods/Target Support Files/Pods-BusExtension/Pods-BusExtension.debug.xcconfig"; sourceTree = "<group>"; };
/* End PBXFileReference section */

/* Begin PBXFrameworksBuildPhase section */
		2085D94B1EE94725008D7AB6 /* Frameworks */ = {
			isa = PBXFrameworksBuildPhase;
			buildActionMask = 2147483647;
			files = (
				2085D9501EE94725008D7AB6 /* NotificationCenter.framework in Frameworks */,
				32BEB21BB9128503EC5E3608 /* Pods_BusExtension.framework in Frameworks */,
			);
			runOnlyForDeploymentPostprocessing = 0;
		};
		20F628561ED08472003879C7 /* Frameworks */ = {
			isa = PBXFrameworksBuildPhase;
			buildActionMask = 2147483647;
			files = (
				20F6288F1ED19E39003879C7 /* SwiftyJSON.framework in Frameworks */,
				3177B5FCCA6C4D3B38C2E860 /* Pods_BusAlarm.framework in Frameworks */,
			);
			runOnlyForDeploymentPostprocessing = 0;
		};
		20F6286A1ED08472003879C7 /* Frameworks */ = {
			isa = PBXFrameworksBuildPhase;
			buildActionMask = 2147483647;
			files = (
				BF9D26CAA134526A0F3941EB /* Pods_BusAlarmTests.framework in Frameworks */,
			);
			runOnlyForDeploymentPostprocessing = 0;
		};
		20F628751ED08472003879C7 /* Frameworks */ = {
			isa = PBXFrameworksBuildPhase;
			buildActionMask = 2147483647;
			files = (
				48393EE919A2F6DE01FCDACC /* Pods_BusAlarmUITests.framework in Frameworks */,
			);
			runOnlyForDeploymentPostprocessing = 0;
		};
/* End PBXFrameworksBuildPhase section */

/* Begin PBXGroup section */
		157B3424C7DA7F2A7AEE8DB1 /* Pods */ = {
			isa = PBXGroup;
			children = (
				233E3460D8316EA9496AE4D3 /* Pods-BusAlarm.debug.xcconfig */,
				954722D079B77D82D9CFF462 /* Pods-BusAlarm.release.xcconfig */,
				7EA286859023166D4946361F /* Pods-BusAlarmTests.debug.xcconfig */,
				A504C05955A5D972683D1E2D /* Pods-BusAlarmTests.release.xcconfig */,
				61429AFC5F0283E2743110A3 /* Pods-BusAlarmUITests.debug.xcconfig */,
				A496A88F9763B883AA26713A /* Pods-BusAlarmUITests.release.xcconfig */,
				D2DCD42136ABC6899FF8AEE1 /* Pods-BusExtension.debug.xcconfig */,
				698FACA79A88B3327312622F /* Pods-BusExtension.release.xcconfig */,
			);
			name = Pods;
			sourceTree = "<group>";
		};
		20112E931ED4AD6800157CC3 /* Resource */ = {
			isa = PBXGroup;
			children = (
				20DA18351EDB4CF400EDD315 /* bus@2x.png */,
				20DA18311EDB4C6800EDD315 /* setting@2x.png */,
				20DA18321EDB4C6800EDD315 /* timer@2x.png */,
				207153821EDA7B1F00005070 /* nextButton.png */,
				207153831EDA7B1F00005070 /* prevButton.png */,
				208C58231EEABEBE00AFAADF /* school.png */,
				2085D9681EE9B8F8008D7AB6 /* school@2x.png */,
				208C581D1EEABE2A00AFAADF /* train.png */,
				2085D96C1EE9B969008D7AB6 /* train@2x.png */,
				208C581F1EEABEA400AFAADF /* bluebus.png */,
				2085D9701EEA5106008D7AB6 /* bluebus@2x.png */,
				208C58211EEABEAB00AFAADF /* redbus.png */,
				2085D9721EEA5106008D7AB6 /* redbus@2x.png */,
			);
			name = Resource;
			path = BusAlarm;
			sourceTree = "<group>";
		};
		2085D9511EE94725008D7AB6 /* BusExtension */ = {
			isa = PBXGroup;
			children = (
				2085D9781EEABA84008D7AB6 /* BusExtension.entitlements */,
				20E64EE61F017A7C0080DB0C /* TodayViewController.swift */,
				2085D9541EE94725008D7AB6 /* MainInterface.storyboard */,
				2085D9571EE94725008D7AB6 /* Info.plist */,
				20E64EE51F017A7B0080DB0C /* BusExtension-Bridging-Header.h */,
			);
			path = BusExtension;
			sourceTree = "<group>";
		};
		20F628501ED08472003879C7 = {
			isa = PBXGroup;
			children = (
				20112E931ED4AD6800157CC3 /* Resource */,
				20F6285B1ED08472003879C7 /* BusAlarm */,
				20F628701ED08472003879C7 /* BusAlarmTests */,
				20F6287B1ED08472003879C7 /* BusAlarmUITests */,
				2085D9511EE94725008D7AB6 /* BusExtension */,
				20F6285A1ED08472003879C7 /* Products */,
				157B3424C7DA7F2A7AEE8DB1 /* Pods */,
				39C459B1840EE86B2E44F0F4 /* Frameworks */,
			);
			sourceTree = "<group>";
		};
		20F6285A1ED08472003879C7 /* Products */ = {
			isa = PBXGroup;
			children = (
				20F628591ED08472003879C7 /* BusAlarm.app */,
				20F6286D1ED08472003879C7 /* BusAlarmTests.xctest */,
				20F628781ED08472003879C7 /* BusAlarmUITests.xctest */,
				2085D94E1EE94725008D7AB6 /* BusExtension.appex */,
			);
			name = Products;
			sourceTree = "<group>";
		};
		20F6285B1ED08472003879C7 /* BusAlarm */ = {
			isa = PBXGroup;
			children = (
				2085D9771EEABA80008D7AB6 /* BusAlarm.entitlements */,
				20E64EE91F017AED0080DB0C /* AppDelegate.swift */,
				20E64EEA1F017AED0080DB0C /* CountDown.swift */,
				20E64EEB1F017AED0080DB0C /* DepertureChanger.swift */,
				20E64EEC1F017AED0080DB0C /* Settings.swift */,
				20E64EED1F017AED0080DB0C /* TimeTable.swift */,
				20F6288C1ED1678E003879C7 /* weekday.json */,
				20112E911ED34A3600157CC3 /* satuaday.json */,
				2071537C1EDA677700005070 /* holiday.json */,
				20F628601ED08472003879C7 /* Main.storyboard */,
				20F628631ED08472003879C7 /* Assets.xcassets */,
				20F628651ED08472003879C7 /* LaunchScreen.storyboard */,
				20F628681ED08472003879C7 /* Info.plist */,
				20E64EE81F017AEC0080DB0C /* BusAlarm-Bridging-Header.h */,
			);
			path = BusAlarm;
			sourceTree = "<group>";
		};
		20F628701ED08472003879C7 /* BusAlarmTests */ = {
			isa = PBXGroup;
			children = (
				20F628711ED08472003879C7 /* BusAlarmTests.swift */,
				20F628731ED08472003879C7 /* Info.plist */,
			);
			path = BusAlarmTests;
			sourceTree = "<group>";
		};
		20F6287B1ED08472003879C7 /* BusAlarmUITests */ = {
			isa = PBXGroup;
			children = (
				20F6287C1ED08472003879C7 /* BusAlarmUITests.swift */,
				20F6287E1ED08472003879C7 /* Info.plist */,
			);
			path = BusAlarmUITests;
			sourceTree = "<group>";
		};
		39C459B1840EE86B2E44F0F4 /* Frameworks */ = {
			isa = PBXGroup;
			children = (
				20F6288E1ED19E39003879C7 /* SwiftyJSON.framework */,
				07EDFB528CA6CB61BFCDF109 /* Pods_BusAlarm.framework */,
				0651048C297701402E1EEBFB /* Pods_BusAlarmTests.framework */,
				CFAC0D96F7308D10BF1121CB /* Pods_BusAlarmUITests.framework */,
				2085D94F1EE94725008D7AB6 /* NotificationCenter.framework */,
				2EB6EE6AA60832E045EDDBB3 /* Pods_BusExtension.framework */,
			);
			name = Frameworks;
			sourceTree = "<group>";
		};
/* End PBXGroup section */

/* Begin PBXNativeTarget section */
		2085D94D1EE94725008D7AB6 /* BusExtension */ = {
			isa = PBXNativeTarget;
			buildConfigurationList = 2085D95B1EE94725008D7AB6 /* Build configuration list for PBXNativeTarget "BusExtension" */;
			buildPhases = (
				90E2C46486930500A2711959 /* [CP] Check Pods Manifest.lock */,
				2085D94A1EE94725008D7AB6 /* Sources */,
				2085D94B1EE94725008D7AB6 /* Frameworks */,
				2085D94C1EE94725008D7AB6 /* Resources */,
				3B762E8982BD301E3CE5CE22 /* [CP] Copy Pods Resources */,
			);
			buildRules = (
			);
			dependencies = (
			);
			name = BusExtension;
			productName = BusExtension;
			productReference = 2085D94E1EE94725008D7AB6 /* BusExtension.appex */;
			productType = "com.apple.product-type.app-extension";
		};
		20F628581ED08472003879C7 /* BusAlarm */ = {
			isa = PBXNativeTarget;
			buildConfigurationList = 20F628811ED08472003879C7 /* Build configuration list for PBXNativeTarget "BusAlarm" */;
			buildPhases = (
				8F56534AAEDB86CB7CBFFF3F /* [CP] Check Pods Manifest.lock */,
				20F628551ED08472003879C7 /* Sources */,
				20F628561ED08472003879C7 /* Frameworks */,
				20F628571ED08472003879C7 /* Resources */,
				2A89BEF0EF671909CE07A3E0 /* [CP] Embed Pods Frameworks */,
				170C0B3721F41C79F62331D6 /* [CP] Copy Pods Resources */,
				2085D95E1EE94725008D7AB6 /* Embed App Extensions */,
			);
			buildRules = (
			);
			dependencies = (
				2085D9591EE94725008D7AB6 /* PBXTargetDependency */,
			);
			name = BusAlarm;
			productName = BusAlarm;
			productReference = 20F628591ED08472003879C7 /* BusAlarm.app */;
			productType = "com.apple.product-type.application";
		};
		20F6286C1ED08472003879C7 /* BusAlarmTests */ = {
			isa = PBXNativeTarget;
			buildConfigurationList = 20F628841ED08472003879C7 /* Build configuration list for PBXNativeTarget "BusAlarmTests" */;
			buildPhases = (
				10105BEAB72334D9F24719A1 /* [CP] Check Pods Manifest.lock */,
				20F628691ED08472003879C7 /* Sources */,
				20F6286A1ED08472003879C7 /* Frameworks */,
				20F6286B1ED08472003879C7 /* Resources */,
				C1DA7598C715E52542F1370F /* [CP] Embed Pods Frameworks */,
				890E7B424F7CAD752F382776 /* [CP] Copy Pods Resources */,
			);
			buildRules = (
			);
			dependencies = (
				20F6286F1ED08472003879C7 /* PBXTargetDependency */,
			);
			name = BusAlarmTests;
			productName = BusAlarmTests;
			productReference = 20F6286D1ED08472003879C7 /* BusAlarmTests.xctest */;
			productType = "com.apple.product-type.bundle.unit-test";
		};
		20F628771ED08472003879C7 /* BusAlarmUITests */ = {
			isa = PBXNativeTarget;
			buildConfigurationList = 20F628871ED08472003879C7 /* Build configuration list for PBXNativeTarget "BusAlarmUITests" */;
			buildPhases = (
				B1A6C77786EA080D31A50159 /* [CP] Check Pods Manifest.lock */,
				20F628741ED08472003879C7 /* Sources */,
				20F628751ED08472003879C7 /* Frameworks */,
				20F628761ED08472003879C7 /* Resources */,
				2816DE57B8735EF06322C4D0 /* [CP] Embed Pods Frameworks */,
				7F503735124B6D45BC887BE4 /* [CP] Copy Pods Resources */,
			);
			buildRules = (
			);
			dependencies = (
				20F6287A1ED08472003879C7 /* PBXTargetDependency */,
			);
			name = BusAlarmUITests;
			productName = BusAlarmUITests;
			productReference = 20F628781ED08472003879C7 /* BusAlarmUITests.xctest */;
			productType = "com.apple.product-type.bundle.ui-testing";
		};
/* End PBXNativeTarget section */

/* Begin PBXProject section */
		20F628511ED08472003879C7 /* Project object */ = {
			isa = PBXProject;
			attributes = {
				LastSwiftUpdateCheck = 0830;
				LastUpgradeCheck = 0830;
				ORGANIZATIONNAME = "Ryo Sobue";
				TargetAttributes = {
					2085D94D1EE94725008D7AB6 = {
						CreatedOnToolsVersion = 8.3.2;
						DevelopmentTeam = WQ6E4DAU7T;
						LastSwiftMigration = 0830;
						ProvisioningStyle = Automatic;
						SystemCapabilities = {
							com.apple.ApplicationGroups.iOS = {
								enabled = 1;
							};
						};
					};
					20F628581ED08472003879C7 = {
						CreatedOnToolsVersion = 8.3.2;
						DevelopmentTeam = WQ6E4DAU7T;
						LastSwiftMigration = 0830;
						ProvisioningStyle = Automatic;
						SystemCapabilities = {
							com.apple.ApplicationGroups.iOS = {
								enabled = 1;
							};
						};
					};
					20F6286C1ED08472003879C7 = {
						CreatedOnToolsVersion = 8.3.2;
						DevelopmentTeam = WQ6E4DAU7T;
						ProvisioningStyle = Automatic;
						TestTargetID = 20F628581ED08472003879C7;
					};
					20F628771ED08472003879C7 = {
						CreatedOnToolsVersion = 8.3.2;
						DevelopmentTeam = WQ6E4DAU7T;
						ProvisioningStyle = Automatic;
						TestTargetID = 20F628581ED08472003879C7;
					};
				};
			};
			buildConfigurationList = 20F628541ED08472003879C7 /* Build configuration list for PBXProject "BusAlarm" */;
			compatibilityVersion = "Xcode 3.2";
			developmentRegion = English;
			hasScannedForEncodings = 0;
			knownRegions = (
				en,
				Base,
			);
			mainGroup = 20F628501ED08472003879C7;
			productRefGroup = 20F6285A1ED08472003879C7 /* Products */;
			projectDirPath = "";
			projectRoot = "";
			targets = (
				20F628581ED08472003879C7 /* BusAlarm */,
				20F6286C1ED08472003879C7 /* BusAlarmTests */,
				20F628771ED08472003879C7 /* BusAlarmUITests */,
				2085D94D1EE94725008D7AB6 /* BusExtension */,
			);
		};
/* End PBXProject section */

/* Begin PBXResourcesBuildPhase section */
		2085D94C1EE94725008D7AB6 /* Resources */ = {
			isa = PBXResourcesBuildPhase;
			buildActionMask = 2147483647;
			files = (
				20E64EFB1F02C9520080DB0C /* holiday.json in Resources */,
				20E64EFC1F02CB570080DB0C /* redbus.png in Resources */,
				20E64EF51F029CE20080DB0C /* bluebus.png in Resources */,
				20E64EFD1F02CB590080DB0C /* redbus@2x.png in Resources */,
				20E64EF31F029CDB0080DB0C /* train.png in Resources */,
				20E64EF81F029CEC0080DB0C /* school@2x.png in Resources */,
				20E64EF41F029CDF0080DB0C /* train@2x.png in Resources */,
				2085D9561EE94725008D7AB6 /* MainInterface.storyboard in Resources */,
				20E64EF61F029CE50080DB0C /* bluebus@2x.png in Resources */,
				20E64EF91F02C94D0080DB0C /* weekday.json in Resources */,
				20E64EFA1F02C9500080DB0C /* satuaday.json in Resources */,
				20E64EF71F029CEA0080DB0C /* school.png in Resources */,
			);
			runOnlyForDeploymentPostprocessing = 0;
		};
		20F628571ED08472003879C7 /* Resources */ = {
			isa = PBXResourcesBuildPhase;
			buildActionMask = 2147483647;
			files = (
				2085D96A1EE9B8F8008D7AB6 /* school@2x.png in Resources */,
				20F628671ED08472003879C7 /* LaunchScreen.storyboard in Resources */,
				208C581E1EEABE2A00AFAADF /* train.png in Resources */,
				2071537D1EDA677700005070 /* holiday.json in Resources */,
				20F628641ED08472003879C7 /* Assets.xcassets in Resources */,
				207153851EDA7B1F00005070 /* prevButton.png in Resources */,
				20DA18361EDB4CF400EDD315 /* bus@2x.png in Resources */,
				2085D96E1EE9B969008D7AB6 /* train@2x.png in Resources */,
				20F6288D1ED1678E003879C7 /* weekday.json in Resources */,
				2085D9761EEA5106008D7AB6 /* redbus@2x.png in Resources */,
				207153841EDA7B1F00005070 /* nextButton.png in Resources */,
				20F628621ED08472003879C7 /* Main.storyboard in Resources */,
				20112E921ED34A3600157CC3 /* satuaday.json in Resources */,
				2085D9741EEA5106008D7AB6 /* bluebus@2x.png in Resources */,
				20DA18341EDB4C6800EDD315 /* timer@2x.png in Resources */,
				20DA18331EDB4C6800EDD315 /* setting@2x.png in Resources */,
				208C58241EEABEBE00AFAADF /* school.png in Resources */,
				208C58221EEABEAB00AFAADF /* redbus.png in Resources */,
				208C58201EEABEA400AFAADF /* bluebus.png in Resources */,
			);
			runOnlyForDeploymentPostprocessing = 0;
		};
		20F6286B1ED08472003879C7 /* Resources */ = {
			isa = PBXResourcesBuildPhase;
			buildActionMask = 2147483647;
			files = (
			);
			runOnlyForDeploymentPostprocessing = 0;
		};
		20F628761ED08472003879C7 /* Resources */ = {
			isa = PBXResourcesBuildPhase;
			buildActionMask = 2147483647;
			files = (
			);
			runOnlyForDeploymentPostprocessing = 0;
		};
/* End PBXResourcesBuildPhase section */

/* Begin PBXShellScriptBuildPhase section */
		10105BEAB72334D9F24719A1 /* [CP] Check Pods Manifest.lock */ = {
			isa = PBXShellScriptBuildPhase;
			buildActionMask = 2147483647;
			files = (
			);
			inputPaths = (
			);
			name = "[CP] Check Pods Manifest.lock";
			outputPaths = (
			);
			runOnlyForDeploymentPostprocessing = 0;
			shellPath = /bin/sh;
			shellScript = "diff \"${PODS_ROOT}/../Podfile.lock\" \"${PODS_ROOT}/Manifest.lock\" > /dev/null\nif [ $? != 0 ] ; then\n    # print error to STDERR\n    echo \"error: The sandbox is not in sync with the Podfile.lock. Run 'pod install' or update your CocoaPods installation.\" >&2\n    exit 1\nfi\n";
			showEnvVarsInLog = 0;
		};
		170C0B3721F41C79F62331D6 /* [CP] Copy Pods Resources */ = {
			isa = PBXShellScriptBuildPhase;
			buildActionMask = 2147483647;
			files = (
			);
			inputPaths = (
			);
			name = "[CP] Copy Pods Resources";
			outputPaths = (
			);
			runOnlyForDeploymentPostprocessing = 0;
			shellPath = /bin/sh;
			shellScript = "\"${SRCROOT}/Pods/Target Support Files/Pods-BusAlarm/Pods-BusAlarm-resources.sh\"\n";
			showEnvVarsInLog = 0;
		};
		2816DE57B8735EF06322C4D0 /* [CP] Embed Pods Frameworks */ = {
			isa = PBXShellScriptBuildPhase;
			buildActionMask = 2147483647;
			files = (
			);
			inputPaths = (
			);
			name = "[CP] Embed Pods Frameworks";
			outputPaths = (
			);
			runOnlyForDeploymentPostprocessing = 0;
			shellPath = /bin/sh;
			shellScript = "\"${SRCROOT}/Pods/Target Support Files/Pods-BusAlarmUITests/Pods-BusAlarmUITests-frameworks.sh\"\n";
			showEnvVarsInLog = 0;
		};
		2A89BEF0EF671909CE07A3E0 /* [CP] Embed Pods Frameworks */ = {
			isa = PBXShellScriptBuildPhase;
			buildActionMask = 2147483647;
			files = (
			);
			inputPaths = (
			);
			name = "[CP] Embed Pods Frameworks";
			outputPaths = (
			);
			runOnlyForDeploymentPostprocessing = 0;
			shellPath = /bin/sh;
			shellScript = "\"${SRCROOT}/Pods/Target Support Files/Pods-BusAlarm/Pods-BusAlarm-frameworks.sh\"\n";
			showEnvVarsInLog = 0;
		};
		3B762E8982BD301E3CE5CE22 /* [CP] Copy Pods Resources */ = {
			isa = PBXShellScriptBuildPhase;
			buildActionMask = 2147483647;
			files = (
			);
			inputPaths = (
			);
			name = "[CP] Copy Pods Resources";
			outputPaths = (
			);
			runOnlyForDeploymentPostprocessing = 0;
			shellPath = /bin/sh;
			shellScript = "\"${SRCROOT}/Pods/Target Support Files/Pods-BusExtension/Pods-BusExtension-resources.sh\"\n";
			showEnvVarsInLog = 0;
		};
		7F503735124B6D45BC887BE4 /* [CP] Copy Pods Resources */ = {
			isa = PBXShellScriptBuildPhase;
			buildActionMask = 2147483647;
			files = (
			);
			inputPaths = (
			);
			name = "[CP] Copy Pods Resources";
			outputPaths = (
			);
			runOnlyForDeploymentPostprocessing = 0;
			shellPath = /bin/sh;
			shellScript = "\"${SRCROOT}/Pods/Target Support Files/Pods-BusAlarmUITests/Pods-BusAlarmUITests-resources.sh\"\n";
			showEnvVarsInLog = 0;
		};
		890E7B424F7CAD752F382776 /* [CP] Copy Pods Resources */ = {
			isa = PBXShellScriptBuildPhase;
			buildActionMask = 2147483647;
			files = (
			);
			inputPaths = (
			);
			name = "[CP] Copy Pods Resources";
			outputPaths = (
			);
			runOnlyForDeploymentPostprocessing = 0;
			shellPath = /bin/sh;
			shellScript = "\"${SRCROOT}/Pods/Target Support Files/Pods-BusAlarmTests/Pods-BusAlarmTests-resources.sh\"\n";
			showEnvVarsInLog = 0;
		};
		8F56534AAEDB86CB7CBFFF3F /* [CP] Check Pods Manifest.lock */ = {
			isa = PBXShellScriptBuildPhase;
			buildActionMask = 2147483647;
			files = (
			);
			inputPaths = (
			);
			name = "[CP] Check Pods Manifest.lock";
			outputPaths = (
			);
			runOnlyForDeploymentPostprocessing = 0;
			shellPath = /bin/sh;
			shellScript = "diff \"${PODS_ROOT}/../Podfile.lock\" \"${PODS_ROOT}/Manifest.lock\" > /dev/null\nif [ $? != 0 ] ; then\n    # print error to STDERR\n    echo \"error: The sandbox is not in sync with the Podfile.lock. Run 'pod install' or update your CocoaPods installation.\" >&2\n    exit 1\nfi\n";
			showEnvVarsInLog = 0;
		};
		90E2C46486930500A2711959 /* [CP] Check Pods Manifest.lock */ = {
			isa = PBXShellScriptBuildPhase;
			buildActionMask = 2147483647;
			files = (
			);
			inputPaths = (
			);
			name = "[CP] Check Pods Manifest.lock";
			outputPaths = (
			);
			runOnlyForDeploymentPostprocessing = 0;
			shellPath = /bin/sh;
			shellScript = "diff \"${PODS_ROOT}/../Podfile.lock\" \"${PODS_ROOT}/Manifest.lock\" > /dev/null\nif [ $? != 0 ] ; then\n    # print error to STDERR\n    echo \"error: The sandbox is not in sync with the Podfile.lock. Run 'pod install' or update your CocoaPods installation.\" >&2\n    exit 1\nfi\n";
			showEnvVarsInLog = 0;
		};
		B1A6C77786EA080D31A50159 /* [CP] Check Pods Manifest.lock */ = {
			isa = PBXShellScriptBuildPhase;
			buildActionMask = 2147483647;
			files = (
			);
			inputPaths = (
			);
			name = "[CP] Check Pods Manifest.lock";
			outputPaths = (
			);
			runOnlyForDeploymentPostprocessing = 0;
			shellPath = /bin/sh;
			shellScript = "diff \"${PODS_ROOT}/../Podfile.lock\" \"${PODS_ROOT}/Manifest.lock\" > /dev/null\nif [ $? != 0 ] ; then\n    # print error to STDERR\n    echo \"error: The sandbox is not in sync with the Podfile.lock. Run 'pod install' or update your CocoaPods installation.\" >&2\n    exit 1\nfi\n";
			showEnvVarsInLog = 0;
		};
		C1DA7598C715E52542F1370F /* [CP] Embed Pods Frameworks */ = {
			isa = PBXShellScriptBuildPhase;
			buildActionMask = 2147483647;
			files = (
			);
			inputPaths = (
			);
			name = "[CP] Embed Pods Frameworks";
			outputPaths = (
			);
			runOnlyForDeploymentPostprocessing = 0;
			shellPath = /bin/sh;
			shellScript = "\"${SRCROOT}/Pods/Target Support Files/Pods-BusAlarmTests/Pods-BusAlarmTests-frameworks.sh\"\n";
			showEnvVarsInLog = 0;
		};
/* End PBXShellScriptBuildPhase section */

/* Begin PBXSourcesBuildPhase section */
		2085D94A1EE94725008D7AB6 /* Sources */ = {
			isa = PBXSourcesBuildPhase;
			buildActionMask = 2147483647;
			files = (
				20E64EE71F017A7C0080DB0C /* TodayViewController.swift in Sources */,
			);
			runOnlyForDeploymentPostprocessing = 0;
		};
		20F628551ED08472003879C7 /* Sources */ = {
			isa = PBXSourcesBuildPhase;
			buildActionMask = 2147483647;
			files = (
				20E64EEE1F017AED0080DB0C /* AppDelegate.swift in Sources */,
				20E64EF21F017AED0080DB0C /* TimeTable.swift in Sources */,
				20E64EF01F017AED0080DB0C /* DepertureChanger.swift in Sources */,
				20E64EF11F017AED0080DB0C /* Settings.swift in Sources */,
				20E64EEF1F017AED0080DB0C /* CountDown.swift in Sources */,
			);
			runOnlyForDeploymentPostprocessing = 0;
		};
		20F628691ED08472003879C7 /* Sources */ = {
			isa = PBXSourcesBuildPhase;
			buildActionMask = 2147483647;
			files = (
				20F628721ED08472003879C7 /* BusAlarmTests.swift in Sources */,
			);
			runOnlyForDeploymentPostprocessing = 0;
		};
		20F628741ED08472003879C7 /* Sources */ = {
			isa = PBXSourcesBuildPhase;
			buildActionMask = 2147483647;
			files = (
				20F6287D1ED08472003879C7 /* BusAlarmUITests.swift in Sources */,
			);
			runOnlyForDeploymentPostprocessing = 0;
		};
/* End PBXSourcesBuildPhase section */

/* Begin PBXTargetDependency section */
		2085D9591EE94725008D7AB6 /* PBXTargetDependency */ = {
			isa = PBXTargetDependency;
			target = 2085D94D1EE94725008D7AB6 /* BusExtension */;
			targetProxy = 2085D9581EE94725008D7AB6 /* PBXContainerItemProxy */;
		};
		20F6286F1ED08472003879C7 /* PBXTargetDependency */ = {
			isa = PBXTargetDependency;
			target = 20F628581ED08472003879C7 /* BusAlarm */;
			targetProxy = 20F6286E1ED08472003879C7 /* PBXContainerItemProxy */;
		};
		20F6287A1ED08472003879C7 /* PBXTargetDependency */ = {
			isa = PBXTargetDependency;
			target = 20F628581ED08472003879C7 /* BusAlarm */;
			targetProxy = 20F628791ED08472003879C7 /* PBXContainerItemProxy */;
		};
/* End PBXTargetDependency section */

/* Begin PBXVariantGroup section */
		2085D9541EE94725008D7AB6 /* MainInterface.storyboard */ = {
			isa = PBXVariantGroup;
			children = (
				2085D9551EE94725008D7AB6 /* Base */,
			);
			name = MainInterface.storyboard;
			sourceTree = "<group>";
		};
		20F628601ED08472003879C7 /* Main.storyboard */ = {
			isa = PBXVariantGroup;
			children = (
				20F628611ED08472003879C7 /* Base */,
			);
			name = Main.storyboard;
			sourceTree = "<group>";
		};
		20F628651ED08472003879C7 /* LaunchScreen.storyboard */ = {
			isa = PBXVariantGroup;
			children = (
				20F628661ED08472003879C7 /* Base */,
			);
			name = LaunchScreen.storyboard;
			sourceTree = "<group>";
		};
/* End PBXVariantGroup section */

/* Begin XCBuildConfiguration section */
		2085D95C1EE94725008D7AB6 /* Debug */ = {
			isa = XCBuildConfiguration;
			baseConfigurationReference = D2DCD42136ABC6899FF8AEE1 /* Pods-BusExtension.debug.xcconfig */;
			buildSettings = {
				CLANG_ENABLE_MODULES = YES;
				CODE_SIGN_ENTITLEMENTS = BusExtension/BusExtension.entitlements;
				DEVELOPMENT_TEAM = WQ6E4DAU7T;
				INFOPLIST_FILE = BusExtension/Info.plist;
				IPHONEOS_DEPLOYMENT_TARGET = 10.3;
				LD_RUNPATH_SEARCH_PATHS = "$(inherited) @executable_path/Frameworks @executable_path/../../Frameworks";
				PRODUCT_BUNDLE_IDENTIFIER = com.ryosism.BusAlarm.BusExtension;
				PRODUCT_NAME = "$(TARGET_NAME)";
				SKIP_INSTALL = YES;
				SWIFT_OBJC_BRIDGING_HEADER = "BusExtension/BusExtension-Bridging-Header.h";
				SWIFT_OPTIMIZATION_LEVEL = "-Onone";
				SWIFT_VERSION = 3.0;
			};
			name = Debug;
		};
		2085D95D1EE94725008D7AB6 /* Release */ = {
			isa = XCBuildConfiguration;
			baseConfigurationReference = 698FACA79A88B3327312622F /* Pods-BusExtension.release.xcconfig */;
			buildSettings = {
				CLANG_ENABLE_MODULES = YES;
				CODE_SIGN_ENTITLEMENTS = BusExtension/BusExtension.entitlements;
				DEVELOPMENT_TEAM = WQ6E4DAU7T;
				INFOPLIST_FILE = BusExtension/Info.plist;
				IPHONEOS_DEPLOYMENT_TARGET = 10.3;
				LD_RUNPATH_SEARCH_PATHS = "$(inherited) @executable_path/Frameworks @executable_path/../../Frameworks";
				PRODUCT_BUNDLE_IDENTIFIER = com.ryosism.BusAlarm.BusExtension;
				PRODUCT_NAME = "$(TARGET_NAME)";
				SKIP_INSTALL = YES;
				SWIFT_OBJC_BRIDGING_HEADER = "BusExtension/BusExtension-Bridging-Header.h";
				SWIFT_VERSION = 3.0;
			};
			name = Release;
		};
		20F6287F1ED08472003879C7 /* Debug */ = {
			isa = XCBuildConfiguration;
			buildSettings = {
				ALWAYS_SEARCH_USER_PATHS = NO;
				CLANG_ANALYZER_NONNULL = YES;
				CLANG_ANALYZER_NUMBER_OBJECT_CONVERSION = YES_AGGRESSIVE;
				CLANG_CXX_LANGUAGE_STANDARD = "gnu++0x";
				CLANG_CXX_LIBRARY = "libc++";
				CLANG_ENABLE_MODULES = YES;
				CLANG_ENABLE_OBJC_ARC = YES;
				CLANG_WARN_BOOL_CONVERSION = YES;
				CLANG_WARN_CONSTANT_CONVERSION = YES;
				CLANG_WARN_DIRECT_OBJC_ISA_USAGE = YES_ERROR;
				CLANG_WARN_DOCUMENTATION_COMMENTS = YES;
				CLANG_WARN_EMPTY_BODY = YES;
				CLANG_WARN_ENUM_CONVERSION = YES;
				CLANG_WARN_INFINITE_RECURSION = YES;
				CLANG_WARN_INT_CONVERSION = YES;
				CLANG_WARN_OBJC_ROOT_CLASS = YES_ERROR;
				CLANG_WARN_SUSPICIOUS_MOVE = YES;
				CLANG_WARN_UNREACHABLE_CODE = YES;
				CLANG_WARN__DUPLICATE_METHOD_MATCH = YES;
				"CODE_SIGN_IDENTITY[sdk=iphoneos*]" = "iPhone Developer";
				COPY_PHASE_STRIP = NO;
				DEBUG_INFORMATION_FORMAT = dwarf;
				ENABLE_STRICT_OBJC_MSGSEND = YES;
				ENABLE_TESTABILITY = YES;
				GCC_C_LANGUAGE_STANDARD = gnu99;
				GCC_DYNAMIC_NO_PIC = NO;
				GCC_NO_COMMON_BLOCKS = YES;
				GCC_OPTIMIZATION_LEVEL = 0;
				GCC_PREPROCESSOR_DEFINITIONS = (
					"DEBUG=1",
					"$(inherited)",
				);
				GCC_WARN_64_TO_32_BIT_CONVERSION = YES;
				GCC_WARN_ABOUT_RETURN_TYPE = YES_ERROR;
				GCC_WARN_UNDECLARED_SELECTOR = YES;
				GCC_WARN_UNINITIALIZED_AUTOS = YES_AGGRESSIVE;
				GCC_WARN_UNUSED_FUNCTION = YES;
				GCC_WARN_UNUSED_VARIABLE = YES;
				IPHONEOS_DEPLOYMENT_TARGET = 9.0;
				MTL_ENABLE_DEBUG_INFO = YES;
				ONLY_ACTIVE_ARCH = YES;
				SDKROOT = iphoneos;
				SWIFT_ACTIVE_COMPILATION_CONDITIONS = DEBUG;
				SWIFT_OPTIMIZATION_LEVEL = "-Onone";
			};
			name = Debug;
		};
		20F628801ED08472003879C7 /* Release */ = {
			isa = XCBuildConfiguration;
			buildSettings = {
				ALWAYS_SEARCH_USER_PATHS = NO;
				CLANG_ANALYZER_NONNULL = YES;
				CLANG_ANALYZER_NUMBER_OBJECT_CONVERSION = YES_AGGRESSIVE;
				CLANG_CXX_LANGUAGE_STANDARD = "gnu++0x";
				CLANG_CXX_LIBRARY = "libc++";
				CLANG_ENABLE_MODULES = YES;
				CLANG_ENABLE_OBJC_ARC = YES;
				CLANG_WARN_BOOL_CONVERSION = YES;
				CLANG_WARN_CONSTANT_CONVERSION = YES;
				CLANG_WARN_DIRECT_OBJC_ISA_USAGE = YES_ERROR;
				CLANG_WARN_DOCUMENTATION_COMMENTS = YES;
				CLANG_WARN_EMPTY_BODY = YES;
				CLANG_WARN_ENUM_CONVERSION = YES;
				CLANG_WARN_INFINITE_RECURSION = YES;
				CLANG_WARN_INT_CONVERSION = YES;
				CLANG_WARN_OBJC_ROOT_CLASS = YES_ERROR;
				CLANG_WARN_SUSPICIOUS_MOVE = YES;
				CLANG_WARN_UNREACHABLE_CODE = YES;
				CLANG_WARN__DUPLICATE_METHOD_MATCH = YES;
				"CODE_SIGN_IDENTITY[sdk=iphoneos*]" = "iPhone Developer";
				COPY_PHASE_STRIP = NO;
				DEBUG_INFORMATION_FORMAT = "dwarf-with-dsym";
				ENABLE_NS_ASSERTIONS = NO;
				ENABLE_STRICT_OBJC_MSGSEND = YES;
				GCC_C_LANGUAGE_STANDARD = gnu99;
				GCC_NO_COMMON_BLOCKS = YES;
				GCC_WARN_64_TO_32_BIT_CONVERSION = YES;
				GCC_WARN_ABOUT_RETURN_TYPE = YES_ERROR;
				GCC_WARN_UNDECLARED_SELECTOR = YES;
				GCC_WARN_UNINITIALIZED_AUTOS = YES_AGGRESSIVE;
				GCC_WARN_UNUSED_FUNCTION = YES;
				GCC_WARN_UNUSED_VARIABLE = YES;
				IPHONEOS_DEPLOYMENT_TARGET = 9.0;
				MTL_ENABLE_DEBUG_INFO = NO;
				SDKROOT = iphoneos;
				SWIFT_OPTIMIZATION_LEVEL = "-Owholemodule";
				VALIDATE_PRODUCT = YES;
			};
			name = Release;
		};
		20F628821ED08472003879C7 /* Debug */ = {
			isa = XCBuildConfiguration;
			baseConfigurationReference = 233E3460D8316EA9496AE4D3 /* Pods-BusAlarm.debug.xcconfig */;
			buildSettings = {
				ALWAYS_EMBED_SWIFT_STANDARD_LIBRARIES = YES;
				ASSETCATALOG_COMPILER_APPICON_NAME = AppIcon;
				CLANG_ENABLE_MODULES = YES;
				CODE_SIGN_ENTITLEMENTS = BusAlarm/BusAlarm.entitlements;
				DEVELOPMENT_TEAM = WQ6E4DAU7T;
				INFOPLIST_FILE = BusAlarm/Info.plist;
				LD_RUNPATH_SEARCH_PATHS = "$(inherited) @executable_path/Frameworks";
				PRODUCT_BUNDLE_IDENTIFIER = com.ryosism.BusAlarm;
				PRODUCT_NAME = "$(TARGET_NAME)";
				SWIFT_OBJC_BRIDGING_HEADER = "BusAlarm/BusAlarm-Bridging-Header.h";
				SWIFT_OPTIMIZATION_LEVEL = "-Onone";
				SWIFT_VERSION = 3.0;
			};
			name = Debug;
		};
		20F628831ED08472003879C7 /* Release */ = {
			isa = XCBuildConfiguration;
			baseConfigurationReference = 954722D079B77D82D9CFF462 /* Pods-BusAlarm.release.xcconfig */;
			buildSettings = {
				ALWAYS_EMBED_SWIFT_STANDARD_LIBRARIES = YES;
				ASSETCATALOG_COMPILER_APPICON_NAME = AppIcon;
				CLANG_ENABLE_MODULES = YES;
				CODE_SIGN_ENTITLEMENTS = BusAlarm/BusAlarm.entitlements;
				DEVELOPMENT_TEAM = WQ6E4DAU7T;
				INFOPLIST_FILE = BusAlarm/Info.plist;
				LD_RUNPATH_SEARCH_PATHS = "$(inherited) @executable_path/Frameworks";
				PRODUCT_BUNDLE_IDENTIFIER = com.ryosism.BusAlarm;
				PRODUCT_NAME = "$(TARGET_NAME)";
				SWIFT_OBJC_BRIDGING_HEADER = "BusAlarm/BusAlarm-Bridging-Header.h";
				SWIFT_VERSION = 3.0;
			};
			name = Release;
		};
		20F628851ED08472003879C7 /* Debug */ = {
			isa = XCBuildConfiguration;
			baseConfigurationReference = 7EA286859023166D4946361F /* Pods-BusAlarmTests.debug.xcconfig */;
			buildSettings = {
				ALWAYS_EMBED_SWIFT_STANDARD_LIBRARIES = YES;
				BUNDLE_LOADER = "$(TEST_HOST)";
				DEVELOPMENT_TEAM = WQ6E4DAU7T;
				INFOPLIST_FILE = BusAlarmTests/Info.plist;
				LD_RUNPATH_SEARCH_PATHS = "$(inherited) @executable_path/Frameworks @loader_path/Frameworks";
				PRODUCT_BUNDLE_IDENTIFIER = com.ryosism.BusAlarmTests;
				PRODUCT_NAME = "$(TARGET_NAME)";
				SWIFT_VERSION = 3.0;
				TEST_HOST = "$(BUILT_PRODUCTS_DIR)/BusAlarm.app/BusAlarm";
			};
			name = Debug;
		};
		20F628861ED08472003879C7 /* Release */ = {
			isa = XCBuildConfiguration;
			baseConfigurationReference = A504C05955A5D972683D1E2D /* Pods-BusAlarmTests.release.xcconfig */;
			buildSettings = {
				ALWAYS_EMBED_SWIFT_STANDARD_LIBRARIES = YES;
				BUNDLE_LOADER = "$(TEST_HOST)";
				DEVELOPMENT_TEAM = WQ6E4DAU7T;
				INFOPLIST_FILE = BusAlarmTests/Info.plist;
				LD_RUNPATH_SEARCH_PATHS = "$(inherited) @executable_path/Frameworks @loader_path/Frameworks";
				PRODUCT_BUNDLE_IDENTIFIER = com.ryosism.BusAlarmTests;
				PRODUCT_NAME = "$(TARGET_NAME)";
				SWIFT_VERSION = 3.0;
				TEST_HOST = "$(BUILT_PRODUCTS_DIR)/BusAlarm.app/BusAlarm";
			};
			name = Release;
		};
		20F628881ED08472003879C7 /* Debug */ = {
			isa = XCBuildConfiguration;
			baseConfigurationReference = 61429AFC5F0283E2743110A3 /* Pods-BusAlarmUITests.debug.xcconfig */;
			buildSettings = {
				ALWAYS_EMBED_SWIFT_STANDARD_LIBRARIES = YES;
				DEVELOPMENT_TEAM = WQ6E4DAU7T;
				INFOPLIST_FILE = BusAlarmUITests/Info.plist;
				LD_RUNPATH_SEARCH_PATHS = "$(inherited) @executable_path/Frameworks @loader_path/Frameworks";
				PRODUCT_BUNDLE_IDENTIFIER = com.ryosism.BusAlarmUITests;
				PRODUCT_NAME = "$(TARGET_NAME)";
				SWIFT_VERSION = 3.0;
				TEST_TARGET_NAME = BusAlarm;
			};
			name = Debug;
		};
		20F628891ED08472003879C7 /* Release */ = {
			isa = XCBuildConfiguration;
			baseConfigurationReference = A496A88F9763B883AA26713A /* Pods-BusAlarmUITests.release.xcconfig */;
			buildSettings = {
				ALWAYS_EMBED_SWIFT_STANDARD_LIBRARIES = YES;
				DEVELOPMENT_TEAM = WQ6E4DAU7T;
				INFOPLIST_FILE = BusAlarmUITests/Info.plist;
				LD_RUNPATH_SEARCH_PATHS = "$(inherited) @executable_path/Frameworks @loader_path/Frameworks";
				PRODUCT_BUNDLE_IDENTIFIER = com.ryosism.BusAlarmUITests;
				PRODUCT_NAME = "$(TARGET_NAME)";
				SWIFT_VERSION = 3.0;
				TEST_TARGET_NAME = BusAlarm;
			};
			name = Release;
		};
/* End XCBuildConfiguration section */

/* Begin XCConfigurationList section */
		2085D95B1EE94725008D7AB6 /* Build configuration list for PBXNativeTarget "BusExtension" */ = {
			isa = XCConfigurationList;
			buildConfigurations = (
				2085D95C1EE94725008D7AB6 /* Debug */,
				2085D95D1EE94725008D7AB6 /* Release */,
			);
			defaultConfigurationIsVisible = 0;
			defaultConfigurationName = Release;
		};
		20F628541ED08472003879C7 /* Build configuration list for PBXProject "BusAlarm" */ = {
			isa = XCConfigurationList;
			buildConfigurations = (
				20F6287F1ED08472003879C7 /* Debug */,
				20F628801ED08472003879C7 /* Release */,
			);
			defaultConfigurationIsVisible = 0;
			defaultConfigurationName = Release;
		};
		20F628811ED08472003879C7 /* Build configuration list for PBXNativeTarget "BusAlarm" */ = {
			isa = XCConfigurationList;
			buildConfigurations = (
				20F628821ED08472003879C7 /* Debug */,
				20F628831ED08472003879C7 /* Release */,
			);
			defaultConfigurationIsVisible = 0;
			defaultConfigurationName = Release;
		};
		20F628841ED08472003879C7 /* Build configuration list for PBXNativeTarget "BusAlarmTests" */ = {
			isa = XCConfigurationList;
			buildConfigurations = (
				20F628851ED08472003879C7 /* Debug */,
				20F628861ED08472003879C7 /* Release */,
			);
			defaultConfigurationIsVisible = 0;
			defaultConfigurationName = Release;
		};
		20F628871ED08472003879C7 /* Build configuration list for PBXNativeTarget "BusAlarmUITests" */ = {
			isa = XCConfigurationList;
			buildConfigurations = (
				20F628881ED08472003879C7 /* Debug */,
				20F628891ED08472003879C7 /* Release */,
			);
			defaultConfigurationIsVisible = 0;
			defaultConfigurationName = Release;
		};
/* End XCConfigurationList section */
	};
	rootObject = 20F628511ED08472003879C7 /* Project object */;
}
